
Microsoft Visual Studio Solution File, Format Version 12.00
# Visual Studio Version 17
VisualStudioVersion = 17.0.31903.59
MinimumVisualStudioVersion = 10.0.40219.1
Project("{FAE04EC0-301F-11D3-BF4B-00C04F79EFBC}") = "C3", "C3\C3.csproj", "{5423A34C-4DF7-4A59-9203-80F1295C10A7}"
EndProject
Global
	GlobalSection(SolutionConfigurationPlatforms) = preSolution
		Debug|Any CPU = Debug|Any CPU
		Release|Any CPU = Release|Any CPU
	EndGlobalSection
	GlobalSection(SolutionProperties) = preSolution
		HideSolutionNode = FALSE
	EndGlobalSection
	GlobalSection(ProjectConfigurationPlatforms) = postSolution
		{5423A34C-4DF7-4A59-9203-80F1295C10A7}.Debug|Any CPU.ActiveCfg = Debug|Any CPU
		{5423A34C-4DF7-4A59-9203-80F1295C10A7}.Debug|Any CPU.Build.0 = Debug|Any CPU
		{5423A34C-4DF7-4A59-9203-80F1295C10A7}.Release|Any CPU.ActiveCfg = Release|Any CPU
		{5423A34C-4DF7-4A59-9203-80F1295C10A7}.Release|Any CPU.Build.0 = Release|Any CPU
	EndGlobalSection
EndGlobal
